# THIS IS AN AUTOGENERATED FILE. DO NOT EDIT THIS FILE DIRECTLY.
# yarn lockfile v1


"@0no-co/graphql.web@^1.0.5":
  version "1.1.2"
  resolved "https://registry.yarnpkg.com/@0no-co/graphql.web/-/graphql.web-1.1.2.tgz#9af8deaf3f236c1c6ee99cc5349051475e5dcc83"
  integrity sha512-N2NGsU5FLBhT8NZ+3l2YrzZSHITjNXNuDhC4iDiikv0IujaJ0Xc6xIxQZ/Ek3Cb+rgPjnLHYyJm11tInuJn+cw==

"@0no-co/graphqlsp@^1.12.13":
  version "1.13.0"
  resolved "https://registry.yarnpkg.com/@0no-co/graphqlsp/-/graphqlsp-1.13.0.tgz#b69bddb7b51869852ca28551f52a6f6e4e0164a6"
  integrity sha512-I8HVJ19PeF0QMKCcxUXjsmbI6L26bmAuDHUFdLD8xjhaOi7XG2ZhlkhqTYNxzYJN58yvv0IfKfn8yVrVvPUmVw==
  dependencies:
    "@gql.tada/internal" "^1.0.0"
    graphql "^15.5.0 || ^16.0.0 || ^17.0.0"

"@ethereumjs/common@^3.2.0":
  version "3.2.0"
  resolved "https://registry.yarnpkg.com/@ethereumjs/common/-/common-3.2.0.tgz#b71df25845caf5456449163012074a55f048e0a0"
  integrity sha512-pksvzI0VyLgmuEF2FA/JR/4/y6hcPq8OUail3/AvycBaW1d5VSauOZzqGvJ3RTmR4MU35lWE8KseKOsEhrFRBA==
  dependencies:
    "@ethereumjs/util" "^8.1.0"
    crc-32 "^1.2.0"

"@ethereumjs/rlp@^4.0.1":
  version "4.0.1"
  resolved "https://registry.yarnpkg.com/@ethereumjs/rlp/-/rlp-4.0.1.tgz#626fabfd9081baab3d0a3074b0c7ecaf674aaa41"
  integrity sha512-tqsQiBQDQdmPWE1xkkBq4rlSW5QZpLOUJ5RJh2/9fug+q9tnUhuZoVLk7s0scUIKTOzEtR72DFBXI4WiZcMpvw==

"@ethereumjs/tx@^4.2.0":
  version "4.2.0"
  resolved "https://registry.yarnpkg.com/@ethereumjs/tx/-/tx-4.2.0.tgz#5988ae15daf5a3b3c815493bc6b495e76009e853"
  integrity sha512-1nc6VO4jtFd172BbSnTnDQVr9IYBFl1y4xPzZdtkrkKIncBCkdbgfdRV+MiTkJYAtTxvV12GRZLqBFT1PNK6Yw==
  dependencies:
    "@ethereumjs/common" "^3.2.0"
    "@ethereumjs/rlp" "^4.0.1"
    "@ethereumjs/util" "^8.1.0"
    ethereum-cryptography "^2.0.0"

"@ethereumjs/util@^8.1.0":
  version "8.1.0"
  resolved "https://registry.yarnpkg.com/@ethereumjs/util/-/util-8.1.0.tgz#299df97fb6b034e0577ce9f94c7d9d1004409ed4"
  integrity sha512-zQ0IqbdX8FZ9aw11vP+dZkKDkS+kgIvQPHnSAXzP9pLu+Rfu3D3XEeLbicvoXJTYnhZiPmsZUxgdzXwNKxRPbA==
  dependencies:
    "@ethereumjs/rlp" "^4.0.1"
    ethereum-cryptography "^2.0.0"
    micro-ftch "^0.3.1"

"@gql.tada/cli-utils@1.6.3":
  version "1.6.3"
  resolved "https://registry.yarnpkg.com/@gql.tada/cli-utils/-/cli-utils-1.6.3.tgz#b893cec74908da4df0602691e2e0b1497fda8cda"
  integrity sha512-jFFSY8OxYeBxdKi58UzeMXG1tdm4FVjXa8WHIi66Gzu9JWtCE6mqom3a8xkmSw+mVaybFW5EN2WXf1WztJVNyQ==
  dependencies:
    "@0no-co/graphqlsp" "^1.12.13"
    "@gql.tada/internal" "1.0.8"
    graphql "^15.5.0 || ^16.0.0 || ^17.0.0"

"@gql.tada/internal@1.0.8", "@gql.tada/internal@^1.0.0":
  version "1.0.8"
  resolved "https://registry.yarnpkg.com/@gql.tada/internal/-/internal-1.0.8.tgz#3ba9fa6534809788bbbe103492f70b8e9d754027"
  integrity sha512-XYdxJhtHC5WtZfdDqtKjcQ4d7R1s0d1rnlSs3OcBEUbYiPoJJfZU7tWsVXuv047Z6msvmr4ompJ7eLSK5Km57g==
  dependencies:
    "@0no-co/graphql.web" "^1.0.5"

"@graphql-typed-document-node/core@^3.2.0":
  version "3.2.0"
  resolved "https://registry.yarnpkg.com/@graphql-typed-document-node/core/-/core-3.2.0.tgz#5f3d96ec6b2354ad6d8a28bf216a1d97b5426861"
  integrity sha512-mB9oAsNCm9aM3/SOv4YtBMqZbYj10R7dkq8byBqxGY/ncFwhf2oQzMV+LCRlWoDSEBJ3COiR1yeDvMtsoOsuFQ==

"@iota/bcs@1.1.0":
  version "1.1.0"
  resolved "https://registry.yarnpkg.com/@iota/bcs/-/bcs-1.1.0.tgz#bcd0d53c75cce6a62f27abac46a211d8497afbe4"
  integrity sha512-KUDMbvLilv+AvGVjH9rktyBD2ttYFvx21qyiU5HHiJxX4duKngXjbb7XauICQrss5taz0YgPdK5RqIoHuwntYw==
  dependencies:
    bs58 "^6.0.0"

"@iota/iota-sdk@1.4.0", "@iota/iota-sdk@^1.4.0":
  version "1.4.0"
  resolved "https://registry.yarnpkg.com/@iota/iota-sdk/-/iota-sdk-1.4.0.tgz#0529102a0f3ef2cd9df59680aab77e005a87c4c4"
  integrity sha512-HcZEq1fJzkus7u+gA2l2/raxyr2736wi9iPw+KJUoieogPOG7p2qTg3HQIa4zJ+rJBuMZcxE7bLJG+TnWd3Q5w==
  dependencies:
    "@graphql-typed-document-node/core" "^3.2.0"
    "@iota/bcs" "1.1.0"
    "@noble/curves" "^1.4.2"
    "@noble/hashes" "^1.4.0"
    "@scure/bip32" "^1.4.0"
    "@scure/bip39" "^1.3.0"
    "@suchipi/femver" "^1.0.0"
    bech32 "^2.0.0"
    gql.tada "^1.8.2"
    graphql "^16.9.0"
    tweetnacl "^1.0.3"
    valibot "^0.36.0"

"@iota/wallet-standard@^0.2.8":
  version "0.2.12"
  resolved "https://registry.yarnpkg.com/@iota/wallet-standard/-/wallet-standard-0.2.12.tgz#d871a4be5eb8adae29fd7b5607a51dc0dd109dd2"
  integrity sha512-BJyl9GfOeXGciT5L9ejhxrCGdnBB/Y7kr2pa/eUEwpPWqut33XUk/8F3QxvsEt9J/0K24wzCs/L3AJcYl78IwA==
  dependencies:
    "@iota/iota-sdk" "1.4.0"
    "@wallet-standard/core" "1.0.3"

"@metamask/detect-provider@^2.0.0":
  version "2.0.0"
  resolved "https://registry.yarnpkg.com/@metamask/detect-provider/-/detect-provider-2.0.0.tgz#4bc2795e5e6f7d8b84b2e845058d2f222c99917d"
  integrity sha512-sFpN+TX13E9fdBDh9lvQeZdJn4qYoRb/6QF2oZZK/Pn559IhCFacPMU1rMuqyXoFQF3JSJfii2l98B87QDPeCQ==

"@metamask/json-rpc-engine@^10.0.2", "@metamask/json-rpc-engine@^10.0.3":
  version "10.0.3"
  resolved "https://registry.yarnpkg.com/@metamask/json-rpc-engine/-/json-rpc-engine-10.0.3.tgz#9258c4718abe305121872414a5c828e43cfcc0f9"
  integrity sha512-p01QhlLIiTFXivEJCRx0LXEvPUaUPCedI9A8qV9jcLGGNSj1UTWM9GeifoeTweOMdmpIk5Rxg10H9f0JPUC9Ig==
  dependencies:
    "@metamask/rpc-errors" "^7.0.2"
    "@metamask/safe-event-emitter" "^3.0.0"
    "@metamask/utils" "^11.1.0"

"@metamask/json-rpc-middleware-stream@^8.0.6":
  version "8.0.7"
  resolved "https://registry.yarnpkg.com/@metamask/json-rpc-middleware-stream/-/json-rpc-middleware-stream-8.0.7.tgz#5a6647a602abe23ff00cd94a219a232e6b926e70"
  integrity sha512-s7ugj+b4QYkQ+3VjRDdsp8GfKOKrxvI6HzaZg4TJrfSV+SO/Ky4TGo4Aib1gtv3/8muCPYAPGtjFVYWVAVJ6jw==
  dependencies:
    "@metamask/json-rpc-engine" "^10.0.3"
    "@metamask/safe-event-emitter" "^3.0.0"
    "@metamask/utils" "^11.1.0"
    readable-stream "^3.6.2"

"@metamask/object-multiplex@^2.0.0":
  version "2.1.0"
  resolved "https://registry.yarnpkg.com/@metamask/object-multiplex/-/object-multiplex-2.1.0.tgz#5e2e908fc46aee581cbba809870eeee0e571cbb6"
  integrity sha512-4vKIiv0DQxljcXwfpnbsXcfa5glMj5Zg9mqn4xpIWqkv6uJ2ma5/GtUfLFSxhlxnR8asRMv8dDmWya1Tc1sDFA==
  dependencies:
    once "^1.4.0"
    readable-stream "^3.6.2"

"@metamask/providers@^22.1.0":
  version "22.1.0"
  resolved "https://registry.yarnpkg.com/@metamask/providers/-/providers-22.1.0.tgz#13efe37debcdf4d2b3ef68daddbc35794453118a"
  integrity sha512-lu639mkH78GLSLVUGW+XI6viHI5NAOwoJe+B9OmQm/rVmLuvy2ZSQVrsrT3n00Pt1WLeq1J6Ee/gML3RxVc4Aw==
  dependencies:
    "@metamask/json-rpc-engine" "^10.0.2"
    "@metamask/json-rpc-middleware-stream" "^8.0.6"
    "@metamask/object-multiplex" "^2.0.0"
    "@metamask/rpc-errors" "^7.0.2"
    "@metamask/safe-event-emitter" "^3.1.1"
    "@metamask/utils" "^11.0.1"
    detect-browser "^5.2.0"
    extension-port-stream "^4.1.0"
    fast-deep-equal "^3.1.3"
    is-stream "^2.0.0"
    readable-stream "^3.6.2"

"@metamask/rpc-errors@^7.0.2":
  version "7.0.3"
  resolved "https://registry.yarnpkg.com/@metamask/rpc-errors/-/rpc-errors-7.0.3.tgz#68fe7d1dcb7913c7e89ec48f549e2ab498ecff14"
  integrity sha512-nrEaeBawm8yFU7hetJKok/CUs0tQsWtTqp3OLbFhPUMXYqU7uI5LAV5vi9o7rTjFkUyof7Nzbw5bea5+1ou+dg==
  dependencies:
    "@metamask/utils" "^11.4.2"
    fast-safe-stringify "^2.0.6"

"@metamask/safe-event-emitter@^3.0.0", "@metamask/safe-event-emitter@^3.1.1":
  version "3.1.2"
  resolved "https://registry.yarnpkg.com/@metamask/safe-event-emitter/-/safe-event-emitter-3.1.2.tgz#bfac8c7a1a149b5bbfe98f59fbfea512dfa3bad4"
  integrity sha512-5yb2gMI1BDm0JybZezeoX/3XhPDOtTbcFvpTXM9kxsoZjPZFh4XciqRbpD6N86HYZqWDhEaKUDuOyR0sQHEjMA==

"@metamask/superstruct@^3.1.0":
  version "3.2.1"
  resolved "https://registry.yarnpkg.com/@metamask/superstruct/-/superstruct-3.2.1.tgz#fca933017c5b78529f8f525560cef32c57e889d2"
  integrity sha512-fLgJnDOXFmuVlB38rUN5SmU7hAFQcCjrg3Vrxz67KTY7YHFnSNEKvX4avmEBdOI0yTCxZjwMCFEqsC8k2+Wd3g==

"@metamask/utils@^11.0.1", "@metamask/utils@^11.1.0", "@metamask/utils@^11.4.2":
  version "11.4.2"
  resolved "https://registry.yarnpkg.com/@metamask/utils/-/utils-11.4.2.tgz#8c83e1a962dbd1e451c4f607e8356dc2d189c24b"
  integrity sha512-TygCcGmUbhmpxjYMm+mx68kRiJ80jYV54/Aa8gUFBv4cTX7ulX2XZKr8CJoJAw3K3FN5ZvCRmU0IzWZFaonwhA==
  dependencies:
    "@ethereumjs/tx" "^4.2.0"
    "@metamask/superstruct" "^3.1.0"
    "@noble/hashes" "^1.3.1"
    "@scure/base" "^1.1.3"
    "@types/debug" "^4.1.7"
    debug "^4.3.4"
    lodash.memoize "^4.1.2"
    pony-cause "^2.1.10"
    semver "^7.5.4"
    uuid "^9.0.1"

"@noble/curves@1.4.2", "@noble/curves@~1.4.0":
  version "1.4.2"
  resolved "https://registry.yarnpkg.com/@noble/curves/-/curves-1.4.2.tgz#40309198c76ed71bc6dbf7ba24e81ceb4d0d1fe9"
  integrity sha512-TavHr8qycMChk8UwMld0ZDRvatedkzWfH8IiaeGCfymOP5i0hSCozz9vHOL0nkwk7HRMlFnAiKpS2jrUmSybcw==
  dependencies:
    "@noble/hashes" "1.4.0"

"@noble/curves@^1.4.2", "@noble/curves@~1.9.0":
  version "1.9.2"
  resolved "https://registry.yarnpkg.com/@noble/curves/-/curves-1.9.2.tgz#73388356ce733922396214a933ff7c95afcef911"
  integrity sha512-HxngEd2XUcg9xi20JkwlLCtYwfoFw4JGkuZpT+WlsPD4gB/cxkvTD8fSsoAnphGZhFdZYKeQIPCuFlWPm1uE0g==
  dependencies:
    "@noble/hashes" "1.8.0"

"@noble/hashes@1.4.0", "@noble/hashes@~1.4.0":
  version "1.4.0"
  resolved "https://registry.yarnpkg.com/@noble/hashes/-/hashes-1.4.0.tgz#45814aa329f30e4fe0ba49426f49dfccdd066426"
  integrity sha512-V1JJ1WTRUqHHrOSh597hURcMqVKVGL/ea3kv0gSnEdsEZ0/+VyPghM1lMNGc00z7CIQorSvbKpuJkxvuHbvdbg==

"@noble/hashes@1.8.0", "@noble/hashes@^1.3.1", "@noble/hashes@^1.4.0", "@noble/hashes@~1.8.0":
  version "1.8.0"
  resolved "https://registry.yarnpkg.com/@noble/hashes/-/hashes-1.8.0.tgz#cee43d801fcef9644b11b8194857695acd5f815a"
  integrity sha512-jCs9ldd7NwzpgXDIf6P3+NrHh9/sD6CQdxHyjQI+h/6rDNo88ypBxxz45UDuZHz9r3tNz7N/VInSVoVdtXEI4A==

"@scure/base@^1.1.3", "@scure/base@~1.2.5":
  version "1.2.6"
  resolved "https://registry.yarnpkg.com/@scure/base/-/base-1.2.6.tgz#ca917184b8231394dd8847509c67a0be522e59f6"
  integrity sha512-g/nm5FgUa//MCj1gV09zTJTaM6KBAHqLN907YVQqf7zC49+DcO4B1so4ZX07Ef10Twr6nuqYEH9GEggFXA4Fmg==

"@scure/base@~1.1.6":
  version "1.1.9"
  resolved "https://registry.yarnpkg.com/@scure/base/-/base-1.1.9.tgz#e5e142fbbfe251091f9c5f1dd4c834ac04c3dbd1"
  integrity sha512-8YKhl8GHiNI/pU2VMaofa2Tor7PJRAjwQLBBuilkJ9L5+13yVbC7JO/wS7piioAvPSwR3JKM1IJ/u4xQzbcXKg==

"@scure/bip32@1.4.0":
  version "1.4.0"
  resolved "https://registry.yarnpkg.com/@scure/bip32/-/bip32-1.4.0.tgz#4e1f1e196abedcef395b33b9674a042524e20d67"
  integrity sha512-sVUpc0Vq3tXCkDGYVWGIZTRfnvu8LoTDaev7vbwh0omSvVORONr960MQWdKqJDCReIEmTj3PAr73O3aoxz7OPg==
  dependencies:
    "@noble/curves" "~1.4.0"
    "@noble/hashes" "~1.4.0"
    "@scure/base" "~1.1.6"

"@scure/bip32@^1.4.0":
  version "1.7.0"
  resolved "https://registry.yarnpkg.com/@scure/bip32/-/bip32-1.7.0.tgz#b8683bab172369f988f1589640e53c4606984219"
  integrity sha512-E4FFX/N3f4B80AKWp5dP6ow+flD1LQZo/w8UnLGYZO674jS6YnYeepycOOksv+vLPSpgN35wgKgy+ybfTb2SMw==
  dependencies:
    "@noble/curves" "~1.9.0"
    "@noble/hashes" "~1.8.0"
    "@scure/base" "~1.2.5"

"@scure/bip39@1.3.0":
  version "1.3.0"
  resolved "https://registry.yarnpkg.com/@scure/bip39/-/bip39-1.3.0.tgz#0f258c16823ddd00739461ac31398b4e7d6a18c3"
  integrity sha512-disdg7gHuTDZtY+ZdkmLpPCk7fxZSu3gBiEGuoC1XYxv9cGx3Z6cpTggCgW6odSOOIXCiDjuGejW+aJKCY/pIQ==
  dependencies:
    "@noble/hashes" "~1.4.0"
    "@scure/base" "~1.1.6"

"@scure/bip39@^1.3.0":
  version "1.6.0"
  resolved "https://registry.yarnpkg.com/@scure/bip39/-/bip39-1.6.0.tgz#475970ace440d7be87a6086cbee77cb8f1a684f9"
  integrity sha512-+lF0BbLiJNwVlev4eKelw1WWLaiKXw7sSl8T6FvBlWkdX+94aGJ4o8XjUdlyhTCjd8c+B3KT3JfS8P0bLRNU6A==
  dependencies:
    "@noble/hashes" "~1.8.0"
    "@scure/base" "~1.2.5"

"@suchipi/femver@^1.0.0":
  version "1.0.0"
  resolved "https://registry.yarnpkg.com/@suchipi/femver/-/femver-1.0.0.tgz#4909dcc069695e07bd23a64c4bfe411d11d9692f"
  integrity sha512-bprE8+K5V+DPX7q2e2K57ImqNBdfGHDIWaGI5xHxZoxbKOuQZn4wzPiUxOAHnsUr3w3xHrWXwN7gnG/iIuEMIg==

"@types/debug@^4.1.7":
  version "4.1.12"
  resolved "https://registry.yarnpkg.com/@types/debug/-/debug-4.1.12.tgz#a155f21690871953410df4b6b6f53187f0500917"
  integrity sha512-vIChWdVG3LG1SMxEvI/AK+FWJthlrqlTu7fbrlywTkkaONwk/UAGaULXRlf8vkzFBLVm0zkMdCquhL5aOjhXPQ==
  dependencies:
    "@types/ms" "*"

"@types/ms@*":
  version "2.1.0"
  resolved "https://registry.yarnpkg.com/@types/ms/-/ms-2.1.0.tgz#052aa67a48eccc4309d7f0191b7e41434b90bb78"
  integrity sha512-GsCCIZDE/p3i96vtEqx+7dBUGXrc7zeSK3wwPHIaRThS+9OhWIXRqzs4d6k1SVU8g91DrNRWxWUGhp5KXQb2VA==

"@wallet-standard/app@^1.0.1":
  version "1.1.0"
  resolved "https://registry.yarnpkg.com/@wallet-standard/app/-/app-1.1.0.tgz#2ca32e4675536224ebe55a00ad533b7923d7380a"
  integrity sha512-3CijvrO9utx598kjr45hTbbeeykQrQfKmSnxeWOgU25TOEpvcipD/bYDQWIqUv1Oc6KK4YStokSMu/FBNecGUQ==
  dependencies:
    "@wallet-standard/base" "^1.1.0"

"@wallet-standard/base@^1.0.1", "@wallet-standard/base@^1.1.0":
  version "1.1.0"
  resolved "https://registry.yarnpkg.com/@wallet-standard/base/-/base-1.1.0.tgz#214093c0597a1e724ee6dbacd84191dfec62bb33"
  integrity sha512-DJDQhjKmSNVLKWItoKThJS+CsJQjR9AOBOirBVT1F9YpRyC9oYHE+ZnSf8y8bxUphtKqdQMPVQ2mHohYdRvDVQ==

"@wallet-standard/core@1.0.3":
  version "1.0.3"
  resolved "https://registry.yarnpkg.com/@wallet-standard/core/-/core-1.0.3.tgz#3b6743e207ca4e1e725ae20f1838b400fb0694ff"
  integrity sha512-Jb33IIjC1wM1HoKkYD7xQ6d6PZ8EmMZvyc8R7dFgX66n/xkvksVTW04g9yLvQXrLFbcIjHrCxW6TXMhvpsAAzg==
  dependencies:
    "@wallet-standard/app" "^1.0.1"
    "@wallet-standard/base" "^1.0.1"
    "@wallet-standard/features" "^1.0.3"
    "@wallet-standard/wallet" "^1.0.1"

"@wallet-standard/features@^1.0.3":
  version "1.1.0"
  resolved "https://registry.yarnpkg.com/@wallet-standard/features/-/features-1.1.0.tgz#f256d7b18940c8d134f66164330db358a8f5200e"
  integrity sha512-hiEivWNztx73s+7iLxsuD1sOJ28xtRix58W7Xnz4XzzA/pF0+aicnWgjOdA10doVDEDZdUuZCIIqG96SFNlDUg==
  dependencies:
    "@wallet-standard/base" "^1.1.0"

"@wallet-standard/wallet@^1.0.1":
  version "1.1.0"
  resolved "https://registry.yarnpkg.com/@wallet-standard/wallet/-/wallet-1.1.0.tgz#a1e46a3f1b2d06a0206058562169b1f0e9652d0f"
  integrity sha512-Gt8TnSlDZpAl+RWOOAB/kuvC7RpcdWAlFbHNoi4gsXsfaWa1QCT6LBcfIYTPdOZC9OVZUDwqGuGAcqZejDmHjg==
  dependencies:
    "@wallet-standard/base" "^1.1.0"

abort-controller@^3.0.0:
  version "3.0.0"
  resolved "https://registry.yarnpkg.com/abort-controller/-/abort-controller-3.0.0.tgz#eaf54d53b62bae4138e809ca225c8439a6efb392"
  integrity sha512-h8lQ8tacZYnR3vNQTgibj+tODHI5/+l06Au2Pcriv/Gmet0eaj4TwWH41sO9wnHDiQsEj19q0drzdWdeAHtweg==
  dependencies:
    event-target-shim "^5.0.0"

base-x@^5.0.0:
  version "5.0.1"
  resolved "https://registry.yarnpkg.com/base-x/-/base-x-5.0.1.tgz#16bf35254be1df8aca15e36b7c1dda74b2aa6b03"
  integrity sha512-M7uio8Zt++eg3jPj+rHMfCC+IuygQHHCOU+IYsVtik6FWjuYpVt/+MRKcgsAMHh8mMFAwnB+Bs+mTrFiXjMzKg==

base64-js@^1.3.1:
  version "1.5.1"
  resolved "https://registry.yarnpkg.com/base64-js/-/base64-js-1.5.1.tgz#1b1b440160a5bf7ad40b650f095963481903930a"
  integrity sha512-AKpaYlHn8t4SVbOHCy+b5+KKgvR4vrsD8vbvrbiQJps7fKDTkjkDry6ji0rUJjC0kzbNePLwzxq8iypo41qeWA==

bech32@^2.0.0:
  version "2.0.0"
  resolved "https://registry.yarnpkg.com/bech32/-/bech32-2.0.0.tgz#078d3686535075c8c79709f054b1b226a133b355"
  integrity sha512-LcknSilhIGatDAsY1ak2I8VtGaHNhgMSYVxFrGLXv+xLHytaKZKcaUJJUE7qmBr7h33o5YQwP55pMI0xmkpJwg==

bs58@^6.0.0:
  version "6.0.0"
  resolved "https://registry.yarnpkg.com/bs58/-/bs58-6.0.0.tgz#a2cda0130558535dd281a2f8697df79caaf425d8"
  integrity sha512-PD0wEnEYg6ijszw/u8s+iI3H17cTymlrwkKhDhPZq+Sokl3AU4htyBFTjAeNAlCCmg0f53g6ih3jATyCKftTfw==
  dependencies:
    base-x "^5.0.0"

buffer@^6.0.3:
  version "6.0.3"
  resolved "https://registry.yarnpkg.com/buffer/-/buffer-6.0.3.tgz#2ace578459cc8fbe2a70aaa8f52ee63b6a74c6c6"
  integrity sha512-FTiCpNxtwiZZHEZbcbTIcZjERVICn9yq/pDFkTl95/AxzD1naBctN7YO68riM/gLSDY7sdrMby8hofADYuuqOA==
  dependencies:
    base64-js "^1.3.1"
    ieee754 "^1.2.1"

crc-32@^1.2.0:
  version "1.2.2"
  resolved "https://registry.yarnpkg.com/crc-32/-/crc-32-1.2.2.tgz#3cad35a934b8bf71f25ca524b6da51fb7eace2ff"
  integrity sha512-ROmzCKrTnOwybPcJApAA6WBWij23HVfGVNKqqrZpuyZOHqK2CwHSvpGuyt/UNNvaIjEd8X5IFGp4Mh+Ie1IHJQ==

debug@^4.3.4:
  version "4.4.1"
  resolved "https://registry.yarnpkg.com/debug/-/debug-4.4.1.tgz#e5a8bc6cbc4c6cd3e64308b0693a3d4fa550189b"
  integrity sha512-KcKCqiftBJcZr++7ykoDIEwSa3XWowTfNPo92BYxjXiyYEVrUQh2aLyhxBCwww+heortUFxEJYcRzosstTEBYQ==
  dependencies:
    ms "^2.1.3"

detect-browser@^5.2.0:
  version "5.3.0"
  resolved "https://registry.yarnpkg.com/detect-browser/-/detect-browser-5.3.0.tgz#9705ef2bddf46072d0f7265a1fe300e36fe7ceca"
  integrity sha512-53rsFbGdwMwlF7qvCt0ypLM5V5/Mbl0szB7GPN8y9NCcbknYOeVVXdrXEq+90IwAfrrzt6Hd+u2E2ntakICU8w==

ethereum-cryptography@^2.0.0:
  version "2.2.1"
  resolved "https://registry.yarnpkg.com/ethereum-cryptography/-/ethereum-cryptography-2.2.1.tgz#58f2810f8e020aecb97de8c8c76147600b0b8ccf"
  integrity sha512-r/W8lkHSiTLxUxW8Rf3u4HGB0xQweG2RyETjywylKZSzLWoWAijRz8WCuOtJ6wah+avllXBqZuk29HCCvhEIRg==
  dependencies:
    "@noble/curves" "1.4.2"
    "@noble/hashes" "1.4.0"
    "@scure/bip32" "1.4.0"
    "@scure/bip39" "1.3.0"

event-target-shim@^5.0.0:
  version "5.0.1"
  resolved "https://registry.yarnpkg.com/event-target-shim/-/event-target-shim-5.0.1.tgz#5d4d3ebdf9583d63a5333ce2deb7480ab2b05789"
  integrity sha512-i/2XbnSz/uxRCU6+NdVJgKWDTM427+MqYbkQzD321DuCQJUqOuJKIA0IM2+W2xtYHdKOmZ4dR6fExsd4SXL+WQ==

events@^3.3.0:
  version "3.3.0"
  resolved "https://registry.yarnpkg.com/events/-/events-3.3.0.tgz#31a95ad0a924e2d2c419a813aeb2c4e878ea7400"
  integrity sha512-mQw+2fkQbALzQ7V0MY0IqdnXNOeTtP4r0lN9z7AAawCXgqea7bDii20AYrIBrFd/Hx0M2Ocz6S111CaFkUcb0Q==

extension-port-stream@^4.1.0:
  version "4.2.0"
  resolved "https://registry.yarnpkg.com/extension-port-stream/-/extension-port-stream-4.2.0.tgz#c3966488f1c39759bbcec7593945fe40187b770f"
  integrity sha512-i5IgiPVMVrHN+Zx8PRjvFsOw8L1A3sboVwPZghDjW9Yp1BMmBDE6mCcTNu4xMXPYduBOwI3CBK7wd72LcOyD6g==
  dependencies:
    readable-stream "^3.6.2 || ^4.4.2"

fast-deep-equal@^3.1.3:
  version "3.1.3"
  resolved "https://registry.yarnpkg.com/fast-deep-equal/-/fast-deep-equal-3.1.3.tgz#3a7d56b559d6cbc3eb512325244e619a65c6c525"
  integrity sha512-f3qQ9oQy9j2AhBe/H9VC91wLmKBCCU/gDOnKNAYG5hswO7BLKj09Hc5HYNz9cGI++xlpDCIgDaitVs03ATR84Q==

fast-safe-stringify@^2.0.6:
  version "2.1.1"
  resolved "https://registry.yarnpkg.com/fast-safe-stringify/-/fast-safe-stringify-2.1.1.tgz#c406a83b6e70d9e35ce3b30a81141df30aeba884"
  integrity sha512-W+KJc2dmILlPplD/H4K9l9LcAHAfPtP6BY84uVLXQ6Evcz9Lcg33Y2z1IVblT6xdY54PXYVHEv+0Wpq8Io6zkA==

gql.tada@^1.8.2:
  version "1.8.11"
  resolved "https://registry.yarnpkg.com/gql.tada/-/gql.tada-1.8.11.tgz#71febbded96ab48f93f328e457f4d4004b4e1775"
  integrity sha512-b94SV2ki1yZWm/MGzWIaWxuPJUMAYjlQllwoD9b8/GCVXKax1HS9xPfLq/p47UmAnUY3X8qDF0JdMEIr0EKmOA==
  dependencies:
    "@0no-co/graphql.web" "^1.0.5"
    "@0no-co/graphqlsp" "^1.12.13"
    "@gql.tada/cli-utils" "1.6.3"
    "@gql.tada/internal" "1.0.8"

"graphql@^15.5.0 || ^16.0.0 || ^17.0.0", graphql@^16.9.0:
  version "16.11.0"
  resolved "https://registry.yarnpkg.com/graphql/-/graphql-16.11.0.tgz#96d17f66370678027fdf59b2d4c20b4efaa8a633"
  integrity sha512-mS1lbMsxgQj6hge1XZ6p7GPhbrtFwUFYi3wRzXAC/FmYnyXMTvvI3td3rjmQ2u8ewXueaSvRPWaEcgVVOT9Jnw==

ieee754@^1.2.1:
  version "1.2.1"
  resolved "https://registry.yarnpkg.com/ieee754/-/ieee754-1.2.1.tgz#8eb7a10a63fff25d15a57b001586d177d1b0d352"
  integrity sha512-dcyqhDvX1C46lXZcVqCpK+FtMRQVdIMN6/Df5js2zouUsqG7I6sFxitIC+7KYK29KdXOLHdu9zL4sFnoVQnqaA==

inherits@^2.0.3:
  version "2.0.4"
  resolved "https://registry.yarnpkg.com/inherits/-/inherits-2.0.4.tgz#0fa2c64f932917c3433a0ded55363aae37416b7c"
  integrity sha512-k/vGaX4/Yla3WzyMCvTQOXYeIHvqOKtnqBduzTHpzpQZzAskKMhZ2K+EnBiSM9zGSoIFeMpXKxa4dYeZIQqewQ==

is-stream@^2.0.0:
  version "2.0.1"
  resolved "https://registry.yarnpkg.com/is-stream/-/is-stream-2.0.1.tgz#fac1e3d53b97ad5a9d0ae9cef2389f5810a5c077"
  integrity sha512-hFoiJiTl63nn+kstHGBtewWSKnQLpyb155KHheA1l39uvtO9nWIop1p3udqPcUd/xbF1VLMO4n7OI6p7RbngDg==

lodash.memoize@^4.1.2:
  version "4.1.2"
  resolved "https://registry.yarnpkg.com/lodash.memoize/-/lodash.memoize-4.1.2.tgz#bcc6c49a42a2840ed997f323eada5ecd182e0bfe"
  integrity sha512-t7j+NzmgnQzTAYXcsHYLgimltOV1MXHtlOWf6GjL9Kj8GK5FInw5JotxvbOs+IvV1/Dzo04/fCGfLVs7aXb4Ag==

micro-ftch@^0.3.1:
  version "0.3.1"
  resolved "https://registry.yarnpkg.com/micro-ftch/-/micro-ftch-0.3.1.tgz#6cb83388de4c1f279a034fb0cf96dfc050853c5f"
  integrity sha512-/0LLxhzP0tfiR5hcQebtudP56gUurs2CLkGarnCiB/OqEyUFQ6U3paQi/tgLv0hBJYt2rnr9MNpxz4fiiugstg==

ms@^2.1.3:
  version "2.1.3"
  resolved "https://registry.yarnpkg.com/ms/-/ms-2.1.3.tgz#574c8138ce1d2b5861f0b44579dbadd60c6615b2"
  integrity sha512-6FlzubTLZG3J2a/NVCAleEhjzq5oxgHyaCU9yYXvcLsvoVaHJq/s5xXI6/XXP6tz7R9xAOtHnSO/tXtF3WRTlA==

once@^1.4.0:
  version "1.4.0"
  resolved "https://registry.yarnpkg.com/once/-/once-1.4.0.tgz#583b1aa775961d4b113ac17d9c50baef9dd76bd1"
  integrity sha512-lNaJgI+2Q5URQBkccEKHTQOPaXdUxnZZElQTZY0MFUAuaEqe1E+Nyvgdz/aIyNi6Z9MzO5dv1H8n58/GELp3+w==
  dependencies:
    wrappy "1"

pony-cause@^2.1.10:
  version "2.1.11"
  resolved "https://registry.yarnpkg.com/pony-cause/-/pony-cause-2.1.11.tgz#d69a20aaccdb3bdb8f74dd59e5c68d8e6772e4bd"
  integrity sha512-M7LhCsdNbNgiLYiP4WjsfLUuFmCfnjdF6jKe2R9NKl4WFN+HZPGHJZ9lnLP7f9ZnKe3U9nuWD0szirmj+migUg==

process@^0.11.10:
  version "0.11.10"
  resolved "https://registry.yarnpkg.com/process/-/process-0.11.10.tgz#7332300e840161bda3e69a1d1d91a7d4bc16f182"
  integrity sha512-cdGef/drWFoydD1JsMzuFf8100nZl+GT+yacc2bEced5f9Rjk4z+WtFUTBu9PhOi9j/jfmBPu0mMEY4wIdAF8A==

readable-stream@^3.6.2:
  version "3.6.2"
  resolved "https://registry.yarnpkg.com/readable-stream/-/readable-stream-3.6.2.tgz#56a9b36ea965c00c5a93ef31eb111a0f11056967"
  integrity sha512-9u/sniCrY3D5WdsERHzHE4G2YCXqoG5FTHUiCC4SIbr6XcLZBY05ya9EKjYek9O5xOAwjGq+1JdGBAS7Q9ScoA==
  dependencies:
    inherits "^2.0.3"
    string_decoder "^1.1.1"
    util-deprecate "^1.0.1"

"readable-stream@^3.6.2 || ^4.4.2":
  version "4.7.0"
  resolved "https://registry.yarnpkg.com/readable-stream/-/readable-stream-4.7.0.tgz#cedbd8a1146c13dfff8dab14068028d58c15ac91"
  integrity sha512-oIGGmcpTLwPga8Bn6/Z75SVaH1z5dUut2ibSyAMVhmUggWpmDn2dapB0n7f8nwaSiRtepAsfJyfXIO5DCVAODg==
  dependencies:
    abort-controller "^3.0.0"
    buffer "^6.0.3"
    events "^3.3.0"
    process "^0.11.10"
    string_decoder "^1.3.0"

safe-buffer@~5.2.0:
  version "5.2.1"
  resolved "https://registry.yarnpkg.com/safe-buffer/-/safe-buffer-5.2.1.tgz#1eaf9fa9bdb1fdd4ec75f58f9cdb4e6b7827eec6"
  integrity sha512-rp3So07KcdmmKbGvgaNxQSJr7bGVSVk5S9Eq1F+ppbRo70+YeaDxkw5Dd8NPN+GD6bjnYm2VuPuCXmpuYvmCXQ==

semver@^7.5.4:
  version "7.7.2"
  resolved "https://registry.yarnpkg.com/semver/-/semver-7.7.2.tgz#67d99fdcd35cec21e6f8b87a7fd515a33f982b58"
  integrity sha512-RF0Fw+rO5AMf9MAyaRXI4AV0Ulj5lMHqVxxdSgiVbixSCXoEmmX/jk0CuJw4+3SqroYO9VoUh+HcuJivvtJemA==

string_decoder@^1.1.1, string_decoder@^1.3.0:
  version "1.3.0"
  resolved "https://registry.yarnpkg.com/string_decoder/-/string_decoder-1.3.0.tgz#42f114594a46cf1a8e30b0a84f56c78c3edac21e"
  integrity sha512-hkRX8U1WjJFd8LsDJ2yQ/wWWxaopEsABU1XfkM8A+j0+85JAGppt16cr1Whg6KIbb4okU6Mql6BOj+uup/wKeA==
  dependencies:
    safe-buffer "~5.2.0"

tweetnacl@^1.0.3:
  version "1.0.3"
  resolved "https://registry.yarnpkg.com/tweetnacl/-/tweetnacl-1.0.3.tgz#ac0af71680458d8a6378d0d0d050ab1407d35596"
  integrity sha512-6rt+RN7aOi1nGMyC4Xa5DdYiukl2UWCbcJft7YhxReBGQD7OAM8Pbxw6YMo4r2diNEA8FEmu32YOn9rhaiE5yw==

typescript@^5.8.3:
  version "5.8.3"
  resolved "https://registry.yarnpkg.com/typescript/-/typescript-5.8.3.tgz#92f8a3e5e3cf497356f4178c34cd65a7f5e8440e"
  integrity sha512-p1diW6TqL9L07nNxvRMM7hMMw4c5XOo/1ibL4aAIGmSAt9slTE1Xgw5KWuof2uTOvCg9BY7ZRi+GaF+7sfgPeQ==

util-deprecate@^1.0.1:
  version "1.0.2"
  resolved "https://registry.yarnpkg.com/util-deprecate/-/util-deprecate-1.0.2.tgz#450d4dc9fa70de732762fbd2d4a28981419a0ccf"
  integrity sha512-EPD5q1uXyFxJpCrLnCc1nHnq3gOa6DZBocAIiI2TaSCA7VCJ1UJDMagCzIkXNsUYfD1daK//LTEQ8xiIbrHtcw==

uuid@^9.0.1:
  version "9.0.1"
  resolved "https://registry.yarnpkg.com/uuid/-/uuid-9.0.1.tgz#e188d4c8853cc722220392c424cd637f32293f30"
  integrity sha512-b+1eJOlsR9K8HJpow9Ok3fiWOWSIcIzXodvv0rQjVoOVNpWMpxf1wZNpt4y9h10odCNrqnYp1OBzRktckBe3sA==

valibot@^0.36.0:
  version "0.36.0"
  resolved "https://registry.yarnpkg.com/valibot/-/valibot-0.36.0.tgz#74e746694b1abcc1879e4393db551d4ce1e10578"
  integrity sha512-CjF1XN4sUce8sBK9TixrDqFM7RwNkuXdJu174/AwmQUB62QbCQADg5lLe8ldBalFgtj1uKj+pKwDJiNo4Mn+eQ==

wrappy@1:
  version "1.0.2"
  resolved "https://registry.yarnpkg.com/wrappy/-/wrappy-1.0.2.tgz#b5243d8f3ec1aa35f1364605bc0d1036e30ab69f"
  integrity sha512-l4Sp/DRseor9wL6EvV2+TuQn63dMkPjZ/sp9XkghTEbV9KlPS1xUsZ3u7/IQO4wxtcFB4bgpQPRcR3QCvezPcQ==
